# THIS IS AN AUTOGENERATED FILE. DO NOT EDIT THIS FILE DIRECTLY.
# yarn lockfile v1


"@astrojs/compiler@^1.5.5":
  version "1.8.2"
  resolved "https://registry.npmjs.org/@astrojs/compiler/-/compiler-1.8.2.tgz"
  integrity sha512-o/ObKgtMzl8SlpIdzaxFnt7SATKPxu4oIP/1NL+HDJRzxfJcAkOTAb/ZKMRyULbz4q+1t2/DAebs2Z1QairkZw==

argparse@^2.0.1:
  version "2.0.1"
  resolved "https://registry.npmjs.org/argparse/-/argparse-2.0.1.tgz"
  integrity sha512-8+9WqebbFzpX9OR+Wa6O29asIogeRMzcGtAINdpMHHyAg10f05aSFVBbcEqGf/PXw1EjAZ+q2/bEBg3DvurK3Q==

big-integer@^1.6.48:
  version "1.6.52"
  resolved "https://registry.npmjs.org/big-integer/-/big-integer-1.6.52.tgz"
  integrity sha512-QxD8cf2eVqJOOz63z6JIN9BzvVs/dlySa5HGSBH5xtR8dPteIRQnBxxKqkNTiT6jbDTF6jAfrd4oMcND9RGbQg==

commander@^2.19.0:
  version "2.20.3"
  resolved "https://registry.npmjs.org/commander/-/commander-2.20.3.tgz"
  integrity sha512-GpVkmM8vF2vQUkj2LvZmD35JxeJOLCwJ9cUkugyk2nuhbv3+mJvpLYYt+0+USMxE+oj+ey/lJEnhZw75x/OMcQ==

discontinuous-range@1.0.0:
  version "1.0.0"
  resolved "https://registry.npmjs.org/discontinuous-range/-/discontinuous-range-1.0.0.tgz"
  integrity sha512-c68LpLbO+7kP/b1Hr1qs8/BJ09F5khZGTxqxZuhzxpmwJKOgRFHJWIb9/KmqnqHhLdO55aOxFH/EGBvUQbL/RQ==

get-stdin@=8.0.0:
  version "8.0.0"
  resolved "https://registry.npmjs.org/get-stdin/-/get-stdin-8.0.0.tgz"
  integrity sha512-sY22aA6xchAzprjyqmSEQv4UbAAzRN0L2dQB0NlN5acTTK9Don6nhoc3eAbUnpZiCANAMfd/+40kVdKfFygohg==

jsox@^1.2.119:
  version "1.2.119"
  resolved "https://registry.npmjs.org/jsox/-/jsox-1.2.119.tgz"
  integrity sha512-f37obwxWKKuylcaOzNlUlzfDvURSCpqTXs8yEivhvsp86D/DTIySxP4v5Qdlg24qCuzDSZ0mJr3krc/f7TZ/5A==

moo@^0.5.0:
  version "0.5.2"
  resolved "https://registry.npmjs.org/moo/-/moo-0.5.2.tgz"
  integrity sha512-iSAJLHYKnX41mKcJKjqvnAN9sf0LMDTXDEvFv+ffuRR9a1MIuXLjMNL6EsnDHSkKLTWNqQQ5uo61P4EbU4NU+Q==

nearley@^2.20.1:
  version "2.20.1"
  resolved "https://registry.npmjs.org/nearley/-/nearley-2.20.1.tgz"
  integrity sha512-+Mc8UaAebFzgV+KpI5n7DasuuQCHA89dmwm7JXw3TV43ukfNQ9DnBH3Mdb2g/I4Fdxc26pwimBWvjIw0UAILSQ==
  dependencies:
    commander "^2.19.0"
    moo "^0.5.0"
    railroad-diagrams "^1.0.0"
    randexp "0.4.6"

node-sql-parser@^4.12.0:
  version "4.18.0"
  resolved "https://registry.npmjs.org/node-sql-parser/-/node-sql-parser-4.18.0.tgz"
  integrity sha512-2YEOR5qlI1zUFbGMLKNfsrR5JUvFg9LxIRVE+xJe962pfVLH0rnItqLzv96XVs1Y1UIR8FxsXAuvX/lYAWZ2BQ==
  dependencies:
    big-integer "^1.6.48"

prettier-plugin-astro@^0.12.1:
  version "0.12.3"
  resolved "https://registry.npmjs.org/prettier-plugin-astro/-/prettier-plugin-astro-0.12.3.tgz"
  integrity sha512-GthUSu3zCvmtVyqlArosez0xE08vSJ0R1sWurxIWpABaCkNGYFANoUdFkqmIo54EV2uPLGcVJzOucWvCjPBWvg==
  dependencies:
    "@astrojs/compiler" "^1.5.5"
    prettier "^3.0.0"
    sass-formatter "^0.7.6"

prettier-plugin-sql@^0.18.1:
  version "0.18.1"
  resolved "https://registry.npmjs.org/prettier-plugin-sql/-/prettier-plugin-sql-0.18.1.tgz"
  integrity sha512-2+Nob2sg7hzLAKJoE6sfgtkhBZCqOzrWHZPvE4Kee/e80oOyI4qwy9vypeltqNBJwTtq3uiKPrCxlT03bBpOaw==
  dependencies:
    jsox "^1.2.119"
    node-sql-parser "^4.12.0"
    sql-formatter "^15.0.2"
    tslib "^2.6.2"

prettier-plugin-tailwindcss@^0.6.6:
  version "0.6.6"
  resolved "https://registry.npmjs.org/prettier-plugin-tailwindcss/-/prettier-plugin-tailwindcss-0.6.6.tgz"
  integrity sha512-OPva5S7WAsPLEsOuOWXATi13QrCKACCiIonFgIR6V4lYv4QLp++UXVhZSzRbZxXGimkQtQT86CC6fQqTOybGng==

prettier@^3.0.0, prettier@^3.3.3:
  version "3.3.3"
  resolved "https://registry.npmjs.org/prettier/-/prettier-3.3.3.tgz"
  integrity sha512-i2tDNA0O5IrMO757lfrdQZCc2jPNDVntV0m/+4whiDfWaTKfMNgR7Qz0NAeGz/nRqF4m5/6CLzbP4/liHt12Ew==

railroad-diagrams@^1.0.0:
  version "1.0.0"
  resolved "https://registry.npmjs.org/railroad-diagrams/-/railroad-diagrams-1.0.0.tgz"
  integrity sha512-cz93DjNeLY0idrCNOH6PviZGRN9GJhsdm9hpn1YCS879fj4W+x5IFJhhkRZcwVgMmFF7R82UA/7Oh+R8lLZg6A==

randexp@0.4.6:
  version "0.4.6"
  resolved "https://registry.npmjs.org/randexp/-/randexp-0.4.6.tgz"
  integrity sha512-80WNmd9DA0tmZrw9qQa62GPPWfuXJknrmVmLcxvq4uZBdYqb1wYoKTmnlGUchvVWe0XiLupYkBoXVOxz3C8DYQ==
  dependencies:
    discontinuous-range "1.0.0"
    ret "~0.1.10"

ret@~0.1.10:
  version "0.1.15"
  resolved "https://registry.npmjs.org/ret/-/ret-0.1.15.tgz"
  integrity sha512-TTlYpa+OL+vMMNG24xSlQGEJ3B/RzEfUlLct7b5G/ytav+wPrplCpVMFuwzXbkecJrb6IYo1iFb0S9v37754mg==

s.color@0.0.15:
  version "0.0.15"
  resolved "https://registry.npmjs.org/s.color/-/s.color-0.0.15.tgz"
  integrity sha512-AUNrbEUHeKY8XsYr/DYpl+qk5+aM+DChopnWOPEzn8YKzOhv4l2zH6LzZms3tOZP3wwdOyc0RmTciyi46HLIuA==

sass-formatter@^0.7.6:
  version "0.7.9"
  resolved "https://registry.npmjs.org/sass-formatter/-/sass-formatter-0.7.9.tgz"
  integrity sha512-CWZ8XiSim+fJVG0cFLStwDvft1VI7uvXdCNJYXhDvowiv+DsbD1nXLiQ4zrE5UBvj5DWZJ93cwN0NX5PMsr1Pw==
  dependencies:
    suf-log "^2.5.3"

sql-formatter@^15.0.2:
  version "15.4.0"
  resolved "https://registry.npmjs.org/sql-formatter/-/sql-formatter-15.4.0.tgz"
  integrity sha512-h3uVulRmOfARvDejuSzs9GMbua/UmGCKiP08zyHT1PnG376zk9CHVsDAcKIc9TcIwIrDH3YULWwI4PrXdmLRVw==
  dependencies:
    argparse "^2.0.1"
    get-stdin "=8.0.0"
    nearley "^2.20.1"

suf-log@^2.5.3:
  version "2.5.3"
  resolved "https://registry.npmjs.org/suf-log/-/suf-log-2.5.3.tgz"
  integrity sha512-KvC8OPjzdNOe+xQ4XWJV2whQA0aM1kGVczMQ8+dStAO6KfEB140JEVQ9dE76ONZ0/Ylf67ni4tILPJB41U0eow==
  dependencies:
    s.color "0.0.15"

tslib@^2.6.2:
  version "2.6.3"
  resolved "https://registry.npmjs.org/tslib/-/tslib-2.6.3.tgz"
  integrity sha512-xNvxJEOUiWPGhUuUdQgAJPKOOJfGnIyKySOc09XkKsgdUV/3E2zvwZYdejjmRgPCgcym1juLH3226yA7sEFJKQ==
